{
  "name": "regression",
  "version": "1.0.0",
  "lockfileVersion": 1,
  "requires": true,
  "dependencies": {
    "@types/estree": {
      "version": "0.0.46",
      "resolved": "https://registry.npmjs.org/@types/estree/-/estree-0.0.46.tgz",
      "integrity": "sha512-laIjwTQaD+5DukBZaygQ79K1Z0jb1bPEMRrkXSLjtCcZm+abyp5YbrqpSLzD42FwWW6gK/aS4NYpJ804nG2brg=="
    },
    "@types/node": {
      "version": "14.14.22",
      "resolved": "https://registry.npmjs.org/@types/node/-/node-14.14.22.tgz",
      "integrity": "sha512-g+f/qj/cNcqKkc3tFqlXOYjrmZA+jNBiDzbP3kH+B+otKFqAdPgVTGP1IeKRdMml/aE69as5S4FqtxAbl+LaMw=="
    },
    "acorn": {
      "version": "7.4.1",
      "resolved": "https://registry.npmjs.org/acorn/-/acorn-7.4.1.tgz",
      "integrity": "sha512-nQyp0o1/mNdbTO1PO6kHkwSrmgZ0MT/jCCpNiwbUjGoRN4dlBhqJtoQuCnEOKzgTVwg0ZWiCoQy6SxMebQVh8A=="
    },
    "is-any-array": {
      "version": "0.1.0",
      "resolved": "https://registry.npmjs.org/is-any-array/-/is-any-array-0.1.0.tgz",
      "integrity": "sha512-6Kkl1RnvfdkmXM6ZlP+kELGBMA74Nq5pSOm9gIKDaPRe9KQlIJzonrOgq0Jzn/iElB6F2/olpLgWYeVySzrSRg==",
      "requires": {
        "rollup": "^1.31.1"
      }
    },
    "ml-array-max": {
      "version": "1.2.0",
      "resolved": "https://registry.npmjs.org/ml-array-max/-/ml-array-max-1.2.0.tgz",
      "integrity": "sha512-3UH7XCdjINxbtBWj1EuHMeI242Q3uLuC4rTpSybBWUpGjnG/BefAFxmTolUCuXDM59mJ/G/re80CQbaVIuMjQA==",
      "requires": {
        "is-any-array": "^0.1.0"
      }
    },
    "ml-array-min": {
      "version": "1.2.0",
      "resolved": "https://registry.npmjs.org/ml-array-min/-/ml-array-min-1.2.0.tgz",
      "integrity": "sha512-Wgf2+lCndLy1SbeOZSUqlkxD9T1CXPT7CIlNGAZRRQI35wsqvfuNtLNH4qKFx8kNjlq3VGXKOSBHeiXR31vaTA==",
      "requires": {
        "is-any-array": "^0.1.0"
      }
    },
    "ml-array-rescale": {
      "version": "1.3.2",
      "resolved": "https://registry.npmjs.org/ml-array-rescale/-/ml-array-rescale-1.3.2.tgz",
      "integrity": "sha512-kiXwdVCGrer7rLnjR6Q9ZgP6e9rbnmQvYVUMLXyqNg4+zOs+jek8yBupqPZPDr+NvlSE5OuMnfAbP1oA63kHBA==",
      "requires": {
        "is-any-array": "^0.1.0",
        "ml-array-max": "^1.2.0",
        "ml-array-min": "^1.2.0"
      }
    },
    "ml-matrix": {
      "version": "6.6.0",
      "resolved": "https://registry.npmjs.org/ml-matrix/-/ml-matrix-6.6.0.tgz",
      "integrity": "sha512-ca3+z0VwvzmhTQ1KuvUTSQJxDruzbdkfkThp4XptLOGAKbEtedgWfPTsBVicxOf+3NTR69Zqiw8fRFZM747FAQ==",
      "requires": {
        "ml-array-rescale": "^1.3.2"
      }
    },
    "ml-regression-multivariate-linear": {
      "version": "2.0.3",
      "resolved": "https://registry.npmjs.org/ml-regression-multivariate-linear/-/ml-regression-multivariate-linear-2.0.3.tgz",
      "integrity": "sha512-G8tBqf8bEhowiVP9rUeYjoc6mCSsA7yxo3fCr8hjaVVmLBAZEXoyeHj5zQZJh/eAp6423kSaabP3emWMwRcnbw==",
      "requires": {
        "ml-matrix": "^6.4.1"
      }
    },
    "rollup": {
      "version": "1.32.1",
      "resolved": "https://registry.npmjs.org/rollup/-/rollup-1.32.1.tgz",
      "integrity": "sha512-/2HA0Ec70TvQnXdzynFffkjA6XN+1e2pEv/uKS5Ulca40g2L7KuOE3riasHoNVHOsFD5KKZgDsMk1CP3Tw9s+A==",
      "requires": {
        "@types/estree": "*",
        "@types/node": "*",
        "acorn": "^7.1.0"
      }
    }
  }
}
